
Microsoft Visual Studio Solution File, Format Version 12.00
# Visual Studio 2012
Project("{2150E333-8FDC-42A3-9474-1A3956D46DE8}") = "Demos", "Demos", "{144B7F5F-FC5E-4166-AC85-CB8CC59FF55E}"
EndProject
Project("{FAE04EC0-301F-11D3-BF4B-00C04F79EFBC}") = "XenAspects", "XenAspects\XenAspects.csproj", "{26C71CDE-D3EA-4299-9572-03DE47C7B727}"
EndProject
Project("{FAE04EC0-301F-11D3-BF4B-00C04F79EFBC}") = "Xen2D", "Xen2D\Xen2D.csproj", "{53F8D564-0D28-446B-9A77-84865DA6FF1A}"
EndProject
Project("{FAE04EC0-301F-11D3-BF4B-00C04F79EFBC}") = "Demo_Tweens", "Demos\Demo_Tweens\Demo_Tweens.csproj", "{D58CB00D-8784-44C6-9F4D-2CF727AEDBAA}"
EndProject
Project("{FAE04EC0-301F-11D3-BF4B-00C04F79EFBC}") = "Demo_Sprites", "Demos\Demo_Sprites\Demo_Sprites.csproj", "{031BB49C-0EDE-44F6-9D11-3AD2B83D58D5}"
EndProject
Project("{FAE04EC0-301F-11D3-BF4B-00C04F79EFBC}") = "Demo_AnimatedSprite", "Demos\Demo_AnimatedSprite\Demo_AnimatedSprite.csproj", "{E34E1F9C-9C36-4483-88A3-ADC102A336C1}"
EndProject
Project("{FAE04EC0-301F-11D3-BF4B-00C04F79EFBC}") = "Demo_Viewport", "Demos\Demo_Viewport\Demo_Viewport.csproj", "{1AC201B7-7EFC-44DA-9DC2-7C2ED60FDCF0}"
EndProject
Project("{FAE04EC0-301F-11D3-BF4B-00C04F79EFBC}") = "Demo_PoolMemoryTest", "Demos\Demo_PoolMemoryTest\Demo_PoolMemoryTest.csproj", "{84A1C1D9-53C6-4604-AFFE-3C8FFD9DCC15}"
EndProject
Project("{FAE04EC0-301F-11D3-BF4B-00C04F79EFBC}") = "Demo_PerformanceStats", "Demos\Demo_PerformanceStats\Demo_PerformanceStats.csproj", "{63F61501-5C83-4792-86A7-4F7E06766A4B}"
EndProject
Project("{FAE04EC0-301F-11D3-BF4B-00C04F79EFBC}") = "Demo_PolygonExtent", "Demos\Demo_PolygonExtent\Demo_PolygonExtent.csproj", "{9BD9DA8B-CFFC-49C0-9899-28CF221EC509}"
EndProject
Project("{FAE04EC0-301F-11D3-BF4B-00C04F79EFBC}") = "Demo_PolygonIntersection", "Demos\Demo_PolygonIntersection\Demo_PolygonIntersection.csproj", "{93C7713F-9B3C-4132-83BE-243AE00A0112}"
EndProject
Project("{FAE04EC0-301F-11D3-BF4B-00C04F79EFBC}") = "Demo_ExtentTransform", "Demos\Demo_ExtentTransform\Demo_ExtentTransform.csproj", "{2EB46BD4-79B1-40D1-A5AB-AE9FB3DD5AB1}"
EndProject
Project("{FAE04EC0-301F-11D3-BF4B-00C04F79EFBC}") = "Demo_CircularExtentIntersection", "Demos\Demo_CircularExtentIntersection\Demo_CircularExtentIntersection.csproj", "{D74BCA2A-7C56-4307-9641-CA3CA9850411}"
EndProject
Project("{FAE04EC0-301F-11D3-BF4B-00C04F79EFBC}") = "Demo_MixedExtentIntersection", "Demos\Demo_MixedExtentIntersection\Demo_MixedExtentIntersection.csproj", "{6CA06EBD-821F-4162-A3DD-869A7DCEFFB1}"
EndProject
Global
	GlobalSection(SolutionConfigurationPlatforms) = preSolution
		Debug|x86 = Debug|x86
		Release|x86 = Release|x86
	EndGlobalSection
	GlobalSection(ProjectConfigurationPlatforms) = postSolution
		{D58CB00D-8784-44C6-9F4D-2CF727AEDBAA}.Debug|x86.ActiveCfg = Debug|x86
		{D58CB00D-8784-44C6-9F4D-2CF727AEDBAA}.Debug|x86.Build.0 = Debug|x86
		{D58CB00D-8784-44C6-9F4D-2CF727AEDBAA}.Release|x86.ActiveCfg = Release|x86
		{D58CB00D-8784-44C6-9F4D-2CF727AEDBAA}.Release|x86.Build.0 = Release|x86
		{26C71CDE-D3EA-4299-9572-03DE47C7B727}.Debug|x86.ActiveCfg = Debug|Any CPU
		{26C71CDE-D3EA-4299-9572-03DE47C7B727}.Debug|x86.Build.0 = Debug|Any CPU
		{26C71CDE-D3EA-4299-9572-03DE47C7B727}.Release|x86.ActiveCfg = Release|Any CPU
		{26C71CDE-D3EA-4299-9572-03DE47C7B727}.Release|x86.Build.0 = Release|Any CPU
		{53F8D564-0D28-446B-9A77-84865DA6FF1A}.Debug|x86.ActiveCfg = Debug|Any CPU
		{53F8D564-0D28-446B-9A77-84865DA6FF1A}.Debug|x86.Build.0 = Debug|Any CPU
		{53F8D564-0D28-446B-9A77-84865DA6FF1A}.Release|x86.ActiveCfg = Release|Any CPU
		{53F8D564-0D28-446B-9A77-84865DA6FF1A}.Release|x86.Build.0 = Release|Any CPU
		{031BB49C-0EDE-44F6-9D11-3AD2B83D58D5}.Debug|x86.ActiveCfg = Debug|x86
		{031BB49C-0EDE-44F6-9D11-3AD2B83D58D5}.Debug|x86.Build.0 = Debug|x86
		{031BB49C-0EDE-44F6-9D11-3AD2B83D58D5}.Release|x86.ActiveCfg = Release|x86
		{031BB49C-0EDE-44F6-9D11-3AD2B83D58D5}.Release|x86.Build.0 = Release|x86
		{E34E1F9C-9C36-4483-88A3-ADC102A336C1}.Debug|x86.ActiveCfg = Debug|x86
		{E34E1F9C-9C36-4483-88A3-ADC102A336C1}.Debug|x86.Build.0 = Debug|x86
		{E34E1F9C-9C36-4483-88A3-ADC102A336C1}.Release|x86.ActiveCfg = Release|x86
		{E34E1F9C-9C36-4483-88A3-ADC102A336C1}.Release|x86.Build.0 = Release|x86
		{1AC201B7-7EFC-44DA-9DC2-7C2ED60FDCF0}.Debug|x86.ActiveCfg = Debug|x86
		{1AC201B7-7EFC-44DA-9DC2-7C2ED60FDCF0}.Debug|x86.Build.0 = Debug|x86
		{1AC201B7-7EFC-44DA-9DC2-7C2ED60FDCF0}.Release|x86.ActiveCfg = Release|x86
		{1AC201B7-7EFC-44DA-9DC2-7C2ED60FDCF0}.Release|x86.Build.0 = Release|x86
		{84A1C1D9-53C6-4604-AFFE-3C8FFD9DCC15}.Debug|x86.ActiveCfg = Debug|x86
		{84A1C1D9-53C6-4604-AFFE-3C8FFD9DCC15}.Debug|x86.Build.0 = Debug|x86
		{84A1C1D9-53C6-4604-AFFE-3C8FFD9DCC15}.Release|x86.ActiveCfg = Release|x86
		{84A1C1D9-53C6-4604-AFFE-3C8FFD9DCC15}.Release|x86.Build.0 = Release|x86
		{63F61501-5C83-4792-86A7-4F7E06766A4B}.Debug|x86.ActiveCfg = Debug|x86
		{63F61501-5C83-4792-86A7-4F7E06766A4B}.Debug|x86.Build.0 = Debug|x86
		{63F61501-5C83-4792-86A7-4F7E06766A4B}.Release|x86.ActiveCfg = Release|x86
		{63F61501-5C83-4792-86A7-4F7E06766A4B}.Release|x86.Build.0 = Release|x86
		{9BD9DA8B-CFFC-49C0-9899-28CF221EC509}.Debug|x86.ActiveCfg = Debug|x86
		{9BD9DA8B-CFFC-49C0-9899-28CF221EC509}.Debug|x86.Build.0 = Debug|x86
		{9BD9DA8B-CFFC-49C0-9899-28CF221EC509}.Release|x86.ActiveCfg = Release|x86
		{9BD9DA8B-CFFC-49C0-9899-28CF221EC509}.Release|x86.Build.0 = Release|x86
		{93C7713F-9B3C-4132-83BE-243AE00A0112}.Debug|x86.ActiveCfg = Debug|x86
		{93C7713F-9B3C-4132-83BE-243AE00A0112}.Debug|x86.Build.0 = Debug|x86
		{93C7713F-9B3C-4132-83BE-243AE00A0112}.Release|x86.ActiveCfg = Release|x86
		{93C7713F-9B3C-4132-83BE-243AE00A0112}.Release|x86.Build.0 = Release|x86
		{2EB46BD4-79B1-40D1-A5AB-AE9FB3DD5AB1}.Debug|x86.ActiveCfg = Debug|x86
		{2EB46BD4-79B1-40D1-A5AB-AE9FB3DD5AB1}.Debug|x86.Build.0 = Debug|x86
		{2EB46BD4-79B1-40D1-A5AB-AE9FB3DD5AB1}.Release|x86.ActiveCfg = Release|x86
		{2EB46BD4-79B1-40D1-A5AB-AE9FB3DD5AB1}.Release|x86.Build.0 = Release|x86
		{D74BCA2A-7C56-4307-9641-CA3CA9850411}.Debug|x86.ActiveCfg = Debug|x86
		{D74BCA2A-7C56-4307-9641-CA3CA9850411}.Debug|x86.Build.0 = Debug|x86
		{D74BCA2A-7C56-4307-9641-CA3CA9850411}.Release|x86.ActiveCfg = Release|x86
		{D74BCA2A-7C56-4307-9641-CA3CA9850411}.Release|x86.Build.0 = Release|x86
		{6CA06EBD-821F-4162-A3DD-869A7DCEFFB1}.Debug|x86.ActiveCfg = Debug|x86
		{6CA06EBD-821F-4162-A3DD-869A7DCEFFB1}.Debug|x86.Build.0 = Debug|x86
		{6CA06EBD-821F-4162-A3DD-869A7DCEFFB1}.Release|x86.ActiveCfg = Release|x86
		{6CA06EBD-821F-4162-A3DD-869A7DCEFFB1}.Release|x86.Build.0 = Release|x86
	EndGlobalSection
	GlobalSection(NestedProjects) = preSolution
		{D58CB00D-8784-44C6-9F4D-2CF727AEDBAA} = {144B7F5F-FC5E-4166-AC85-CB8CC59FF55E}
		{031BB49C-0EDE-44F6-9D11-3AD2B83D58D5} = {144B7F5F-FC5E-4166-AC85-CB8CC59FF55E}
		{E34E1F9C-9C36-4483-88A3-ADC102A336C1} = {144B7F5F-FC5E-4166-AC85-CB8CC59FF55E}
		{1AC201B7-7EFC-44DA-9DC2-7C2ED60FDCF0} = {144B7F5F-FC5E-4166-AC85-CB8CC59FF55E}
		{84A1C1D9-53C6-4604-AFFE-3C8FFD9DCC15} = {144B7F5F-FC5E-4166-AC85-CB8CC59FF55E}
		{63F61501-5C83-4792-86A7-4F7E06766A4B} = {144B7F5F-FC5E-4166-AC85-CB8CC59FF55E}
		{9BD9DA8B-CFFC-49C0-9899-28CF221EC509} = {144B7F5F-FC5E-4166-AC85-CB8CC59FF55E}
		{93C7713F-9B3C-4132-83BE-243AE00A0112} = {144B7F5F-FC5E-4166-AC85-CB8CC59FF55E}
		{2EB46BD4-79B1-40D1-A5AB-AE9FB3DD5AB1} = {144B7F5F-FC5E-4166-AC85-CB8CC59FF55E}
		{D74BCA2A-7C56-4307-9641-CA3CA9850411} = {144B7F5F-FC5E-4166-AC85-CB8CC59FF55E}
		{6CA06EBD-821F-4162-A3DD-869A7DCEFFB1} = {144B7F5F-FC5E-4166-AC85-CB8CC59FF55E}
	EndGlobalSection
EndGlobal
